{
  "name": "ps-interp",
  "lockfileVersion": 3,
  "requires": true,
  "packages": {
    "": {
      "name": "ps-interp",
      "dependencies": {
        "bun": "^1.1.38"
      },
      "devDependencies": {
        "@types/bun": "latest"
      },
      "peerDependencies": {
        "typescript": "^5.0.0"
      }
    },
    "node_modules/@oven/bun-darwin-aarch64": {
      "version": "1.1.38",
      "resolved": "https://registry.npmjs.org/@oven/bun-darwin-aarch64/-/bun-darwin-aarch64-1.1.38.tgz",
      "integrity": "sha512-6r+PgOE1s56h16wHs4Tg32ZOB9JQEgLi3V+FyIag/lIKS5FV9rUjfSZSwwI8UGfNqj7RrD5cB+1PT3IFpV6gmA==",
      "cpu": [
        "arm64"
      ],
      "optional": true,
      "os": [
        "darwin"
      ]
    },
    "node_modules/@oven/bun-darwin-x64": {
      "version": "1.1.38",
      "resolved": "https://registry.npmjs.org/@oven/bun-darwin-x64/-/bun-darwin-x64-1.1.38.tgz",
      "integrity": "sha512-eda41VCgQcYkrvRnob1xep8zlOm0Io3q1uiBGMaNL8aSrhpYaz3NhMH1NVlZEFahfIHhCfkin/gSLhJK0qK1fg==",
      "cpu": [
        "x64"
      ],
      "optional": true,
      "os": [
        "darwin"
      ]
    },
    "node_modules/@oven/bun-darwin-x64-baseline": {
      "version": "1.1.38",
      "resolved": "https://registry.npmjs.org/@oven/bun-darwin-x64-baseline/-/bun-darwin-x64-baseline-1.1.38.tgz",
      "integrity": "sha512-hqaAsJGdGXiwwN6Y7dvYWjYwgAB8r3fXFIecjmxeijbOIw8zfru+zKFCBQtHa5AglAUAw1fOSOsWGlu8rtGp7Q==",
      "cpu": [
        "x64"
      ],
      "optional": true,
      "os": [
        "darwin"
      ]
    },
    "node_modules/@oven/bun-linux-aarch64": {
      "version": "1.1.38",
      "resolved": "https://registry.npmjs.org/@oven/bun-linux-aarch64/-/bun-linux-aarch64-1.1.38.tgz",
      "integrity": "sha512-YIyJ2cBEgvQAYUh1udxe6yximei2QUh6gpdGWmhHiWWRX0VhVxPpZ2E8n6NIlpM2TBy4h/hOndoImiD/XnSq5Q==",
      "cpu": [
        "arm64"
      ],
      "optional": true,
      "os": [
        "linux"
      ]
    },
    "node_modules/@oven/bun-linux-x64": {
      "version": "1.1.38",
      "resolved": "https://registry.npmjs.org/@oven/bun-linux-x64/-/bun-linux-x64-1.1.38.tgz",
      "integrity": "sha512-foVXWa2/zRPMudxVpr+/COmcF1F849g4JJHTDDzpxIp30Xp7422nSk/c0NESveklrqhCvINq4CNcKnBh3WPFAw==",
      "cpu": [
        "x64"
      ],
      "optional": true,
      "os": [
        "linux"
      ]
    },
    "node_modules/@oven/bun-linux-x64-baseline": {
      "version": "1.1.38",
      "resolved": "https://registry.npmjs.org/@oven/bun-linux-x64-baseline/-/bun-linux-x64-baseline-1.1.38.tgz",
      "integrity": "sha512-7Sv4RHpWBVjmkGjER90e99bYYkPiiNPGVP02CTBo49JwHfogVl8md8oWKr9A6K3ZZ05HS5atOg7wrKolkbR0bA==",
      "cpu": [
        "x64"
      ],
      "optional": true,
      "os": [
        "linux"
      ]
    },
    "node_modules/@oven/bun-windows-x64": {
      "version": "1.1.38",
      "resolved": "https://registry.npmjs.org/@oven/bun-windows-x64/-/bun-windows-x64-1.1.38.tgz",
      "integrity": "sha512-bMo3o7lyfC8HlyaunUXBFZVbVrYCQHHQRPXsCtgtBKzKbe/r51piwtMl4wpcvd5VZUhBDXMPrm7/OR89XXteyA==",
      "cpu": [
        "x64"
      ],
      "optional": true,
      "os": [
        "win32"
      ]
    },
    "node_modules/@oven/bun-windows-x64-baseline": {
      "version": "1.1.38",
      "resolved": "https://registry.npmjs.org/@oven/bun-windows-x64-baseline/-/bun-windows-x64-baseline-1.1.38.tgz",
      "integrity": "sha512-iwvzUC59J/aMwEsCkKyPLVc2oNep2OhWL6VRp2d9Sx0g9hycBgxOfBfAhii0bDOBI/aQAVevcTRoQJ1V79PT9Q==",
      "cpu": [
        "x64"
      ],
      "optional": true,
      "os": [
        "win32"
      ]
    },
    "node_modules/@types/bun": {
      "version": "1.1.14",
      "resolved": "https://registry.npmjs.org/@types/bun/-/bun-1.1.14.tgz",
      "integrity": "sha512-opVYiFGtO2af0dnWBdZWlioLBoxSdDO5qokaazLhq8XQtGZbY4pY3/JxY8Zdf/hEwGubbp7ErZXoN1+h2yesxA==",
      "dev": true,
      "dependencies": {
        "bun-types": "1.1.37"
      }
    },
    "node_modules/@types/node": {
      "version": "20.12.14",
      "resolved": "https://registry.npmjs.org/@types/node/-/node-20.12.14.tgz",
      "integrity": "sha512-scnD59RpYD91xngrQQLGkE+6UrHUPzeKZWhhjBSa3HSkwjbQc38+q3RoIVEwxQGRw3M+j5hpNAM+lgV3cVormg==",
      "dev": true,
      "dependencies": {
        "undici-types": "~5.26.4"
      }
    },
    "node_modules/@types/ws": {
      "version": "8.5.13",
      "resolved": "https://registry.npmjs.org/@types/ws/-/ws-8.5.13.tgz",
      "integrity": "sha512-osM/gWBTPKgHV8XkTunnegTRIsvF6owmf5w+JtAfOw472dptdm0dlGv4xCt6GwQRcC2XVOvvRE/0bAoQcL2QkA==",
      "dev": true,
      "dependencies": {
        "@types/node": "*"
      }
    },
    "node_modules/bun": {
      "version": "1.1.38",
      "resolved": "https://registry.npmjs.org/bun/-/bun-1.1.38.tgz",
      "integrity": "sha512-cr+UDFiEasyw0kKEbbD7kDewrI2vTo17JssVVjzBv/eNskeL2wikJ+4RNgUfoRqgthCjDZux7r6ELGgIGq6aWw==",
      "cpu": [
        "arm64",
        "x64"
      ],
      "hasInstallScript": true,
      "os": [
        "darwin",
        "linux",
        "win32"
      ],
      "bin": {
        "bun": "bin/bun.exe",
        "bunx": "bin/bun.exe"
      },
      "optionalDependencies": {
        "@oven/bun-darwin-aarch64": "1.1.38",
        "@oven/bun-darwin-x64": "1.1.38",
        "@oven/bun-darwin-x64-baseline": "1.1.38",
        "@oven/bun-linux-aarch64": "1.1.38",
        "@oven/bun-linux-x64": "1.1.38",
        "@oven/bun-linux-x64-baseline": "1.1.38",
        "@oven/bun-windows-x64": "1.1.38",
        "@oven/bun-windows-x64-baseline": "1.1.38"
      }
    },
    "node_modules/bun-types": {
      "version": "1.1.37",
      "resolved": "https://registry.npmjs.org/bun-types/-/bun-types-1.1.37.tgz",
      "integrity": "sha512-C65lv6eBr3LPJWFZ2gswyrGZ82ljnH8flVE03xeXxKhi2ZGtFiO4isRKTKnitbSqtRAcaqYSR6djt1whI66AbA==",
      "dev": true,
      "dependencies": {
        "@types/node": "~20.12.8",
        "@types/ws": "~8.5.10"
      }
    },
    "node_modules/typescript": {
      "version": "5.6.3",
      "license": "Apache-2.0",
      "peer": true,
      "bin": {
        "tsc": "bin/tsc",
        "tsserver": "bin/tsserver"
      },
      "engines": {
        "node": ">=14.17"
      }
    },
    "node_modules/undici-types": {
      "version": "5.26.5",
      "resolved": "https://registry.npmjs.org/undici-types/-/undici-types-5.26.5.tgz",
      "integrity": "sha512-JlCMO+ehdEIKqlFxk6IfVoAUVmgz7cU7zD/h9XZ0qzeosSHmUJVOzSQvvYSYWXkFXC+IfLKSIffhv0sVZup6pA==",
      "dev": true
    }
  }
}
